# This file is automatically @generated by Cargo.
# It is not intended for manual editing.
version = 3

[[package]]
name = "ascii_renderer"
version = "0.1.0"
dependencies = [
 "clear_screen",
 "obj",
]

[[package]]
name = "cc"
version = "1.0.78"
source = "registry+https://github.com/rust-lang/crates.io-index"
checksum = "a20104e2335ce8a659d6dd92a51a767a0c062599c73b343fd152cb401e828c3d"

[[package]]
name = "clear_screen"
version = "0.1.0"
source = "registry+https://github.com/rust-lang/crates.io-index"
checksum = "da0114f83ad196a822188f44e3def7916956705df289e6634d326ad86b3f0e9c"
dependencies = [
 "cc",
]

[[package]]
name = "obj"
version = "0.10.2"
source = "registry+https://github.com/rust-lang/crates.io-index"
checksum = "059c95245738cdc7b40078cdd51a23200252a4c0a0a6dd005136152b3f467a4a"
